
Microsoft Visual Studio Solution File, Format Version 12.00
# Visual Studio Version 17
VisualStudioVersion = 17.5.002.0
MinimumVisualStudioVersion = 10.0.40219.1
Project("{9A19103F-16F7-4668-BE54-9A1E7A4F7556}") = "MyFirstConsoleApp", "MyFirstConsoleApp\MyFirstConsoleApp.csproj", "{9D66F7CA-BD5C-4011-9216-5CD03A0FC6B3}"
EndProject
Project("{9A19103F-16F7-4668-BE54-9A1E7A4F7556}") = "MySecondConsoleApp", "MySecondConsoleApp\MySecondConsoleApp.csproj", "{0F70F7A1-AE6A-4A93-8616-EF5CEDC067F2}"
EndProject
Global
	GlobalSection(SolutionConfigurationPlatforms) = preSolution
		Debug|Any CPU = Debug|Any CPU
		Release|Any CPU = Release|Any CPU
	EndGlobalSection
	GlobalSection(ProjectConfigurationPlatforms) = postSolution
		{9D66F7CA-BD5C-4011-9216-5CD03A0FC6B3}.Debug|Any CPU.ActiveCfg = Debug|Any CPU
		{9D66F7CA-BD5C-4011-9216-5CD03A0FC6B3}.Debug|Any CPU.Build.0 = Debug|Any CPU
		{9D66F7CA-BD5C-4011-9216-5CD03A0FC6B3}.Release|Any CPU.ActiveCfg = Release|Any CPU
		{9D66F7CA-BD5C-4011-9216-5CD03A0FC6B3}.Release|Any CPU.Build.0 = Release|Any CPU
		{0F70F7A1-AE6A-4A93-8616-EF5CEDC067F2}.Debug|Any CPU.ActiveCfg = Debug|Any CPU
		{0F70F7A1-AE6A-4A93-8616-EF5CEDC067F2}.Debug|Any CPU.Build.0 = Debug|Any CPU
		{0F70F7A1-AE6A-4A93-8616-EF5CEDC067F2}.Release|Any CPU.ActiveCfg = Release|Any CPU
		{0F70F7A1-AE6A-4A93-8616-EF5CEDC067F2}.Release|Any CPU.Build.0 = Release|Any CPU
	EndGlobalSection
	GlobalSection(SolutionProperties) = preSolution
		HideSolutionNode = FALSE
	EndGlobalSection
	GlobalSection(ExtensibilityGlobals) = postSolution
		SolutionGuid = {2B313F46-30AA-40D1-A4E3-115531938240}
	EndGlobalSection
EndGlobal
